
Microsoft Visual Studio Solution File, Format Version 12.00
# Visual Studio Version 17
VisualStudioVersion = 17.0.32014.148
MinimumVisualStudioVersion = 10.0.40219.1
Project("{FAE04EC0-301F-11D3-BF4B-00C04F79EFBC}") = "FunctionApp", "FunctionApp\FunctionApp.csproj", "{E3DC99FD-5EE2-4488-A277-AAE42854BDB5}"
EndProject
Global
	GlobalSection(SolutionConfigurationPlatforms) = preSolution
		Debug|Any CPU = Debug|Any CPU
		Release|Any CPU = Release|Any CPU
	EndGlobalSection
	GlobalSection(ProjectConfigurationPlatforms) = postSolution
		{E3DC99FD-5EE2-4488-A277-AAE42854BDB5}.Debug|Any CPU.ActiveCfg = Debug|Any CPU
		{E3DC99FD-5EE2-4488-A277-AAE42854BDB5}.Debug|Any CPU.Build.0 = Debug|Any CPU
		{E3DC99FD-5EE2-4488-A277-AAE42854BDB5}.Release|Any CPU.ActiveCfg = Release|Any CPU
		{E3DC99FD-5EE2-4488-A277-AAE42854BDB5}.Release|Any CPU.Build.0 = Release|Any CPU
	EndGlobalSection
	GlobalSection(SolutionProperties) = preSolution
		HideSolutionNode = FALSE
	EndGlobalSection
	GlobalSection(ExtensibilityGlobals) = postSolution
		SolutionGuid = {4E0074BF-D54A-45A8-ABE5-B5AC6CEA9C21}
	EndGlobalSection
EndGlobal
